
Microsoft Visual Studio Solution File, Format Version 12.00
# Visual Studio Version 17
VisualStudioVersion = 17.0.32014.148
MinimumVisualStudioVersion = 10.0.40219.1
Project("{FAE04EC0-301F-11D3-BF4B-00C04F79EFBC}") = "零件测量", "零件测量\零件测量.csproj", "{42AE3774-49A1-4D99-ACD2-AE7B541C814B}"
EndProject
Global
	GlobalSection(SolutionConfigurationPlatforms) = preSolution
		Debug|Any CPU = Debug|Any CPU
		Release|Any CPU = Release|Any CPU
	EndGlobalSection
	GlobalSection(ProjectConfigurationPlatforms) = postSolution
		{42AE3774-49A1-4D99-ACD2-AE7B541C814B}.Debug|Any CPU.ActiveCfg = Debug|Any CPU
		{42AE3774-49A1-4D99-ACD2-AE7B541C814B}.Debug|Any CPU.Build.0 = Debug|Any CPU
		{42AE3774-49A1-4D99-ACD2-AE7B541C814B}.Release|Any CPU.ActiveCfg = Release|Any CPU
		{42AE3774-49A1-4D99-ACD2-AE7B541C814B}.Release|Any CPU.Build.0 = Release|Any CPU
	EndGlobalSection
	GlobalSection(SolutionProperties) = preSolution
		HideSolutionNode = FALSE
	EndGlobalSection
	GlobalSection(ExtensibilityGlobals) = postSolution
		SolutionGuid = {BDCEA795-AB5C-40A3-9F0C-434DA720CEC1}
	EndGlobalSection
EndGlobal
